// !$*UTF8*$!
{
	archiveVersion = 1;
	classes = {
	};
	objectVersion = 55;
	objects = {

/* Begin PBXBuildFile section */
		98D7858D2750FE6E0042E47B /* IoTMonitorApp.swift in Sources */ = {isa = PBXBuildFile; fileRef = 98D7858C2750FE6E0042E47B /* IoTMonitorApp.swift */; };
		98D7858F2750FE6E0042E47B /* ContentView.swift in Sources */ = {isa = PBXBuildFile; fileRef = 98D7858E2750FE6E0042E47B /* ContentView.swift */; };
		98D785912750FE6E0042E47B /* Assets.xcassets in Resources */ = {isa = PBXBuildFile; fileRef = 98D785902750FE6E0042E47B /* Assets.xcassets */; };
		98D785942750FE6E0042E47B /* Preview Assets.xcassets in Resources */ = {isa = PBXBuildFile; fileRef = 98D785932750FE6E0042E47B /* Preview Assets.xcassets */; };
		98D7859E2750FE6E0042E47B /* IoTMonitorTests.swift in Sources */ = {isa = PBXBuildFile; fileRef = 98D7859D2750FE6E0042E47B /* IoTMonitorTests.swift */; };
		98D785A82750FE6E0042E47B /* IoTMonitorUITests.swift in Sources */ = {isa = PBXBuildFile; fileRef = 98D785A72750FE6E0042E47B /* IoTMonitorUITests.swift */; };
		98D785AA2750FE6E0042E47B /* IoTMonitorUITestsLaunchTests.swift in Sources */ = {isa = PBXBuildFile; fileRef = 98D785A92750FE6E0042E47B /* IoTMonitorUITestsLaunchTests.swift */; };
/* End PBXBuildFile section */

/* Begin PBXContainerItemProxy section */
		98D7859A2750FE6E0042E47B /* PBXContainerItemProxy */ = {
			isa = PBXContainerItemProxy;
			containerPortal = 98D785812750FE6E0042E47B /* Project object */;
			proxyType = 1;
			remoteGlobalIDString = 98D785882750FE6E0042E47B;
			remoteInfo = IoTMonitor;
		};
		98D785A42750FE6E0042E47B /* PBXContainerItemProxy */ = {
			isa = PBXContainerItemProxy;
			containerPortal = 98D785812750FE6E0042E47B /* Project object */;
			proxyType = 1;
			remoteGlobalIDString = 98D785882750FE6E0042E47B;
			remoteInfo = IoTMonitor;
		};
/* End PBXContainerItemProxy section */

/* Begin PBXFileReference section */
		98D785892750FE6E0042E47B /* IoTMonitor.app */ = {isa = PBXFileReference; explicitFileType = wrapper.application; includeInIndex = 0; path = IoTMonitor.app; sourceTree = BUILT_PRODUCTS_DIR; };
		98D7858C2750FE6E0042E47B /* IoTMonitorApp.swift */ = {isa = PBXFileReference; lastKnownFileType = sourcecode.swift; path = IoTMonitorApp.swift; sourceTree = "<group>"; };
		98D7858E2750FE6E0042E47B /* ContentView.swift */ = {isa = PBXFileReference; lastKnownFileType = sourcecode.swift; path = ContentView.swift; sourceTree = "<group>"; };
		98D785902750FE6E0042E47B /* Assets.xcassets */ = {isa = PBXFileReference; lastKnownFileType = folder.assetcatalog; path = Assets.xcassets; sourceTree = "<group>"; };
		98D785932750FE6E0042E47B /* Preview Assets.xcassets */ = {isa = PBXFileReference; lastKnownFileType = folder.assetcatalog; path = "Preview Assets.xcassets"; sourceTree = "<group>"; };
		98D785992750FE6E0042E47B /* IoTMonitorTests.xctest */ = {isa = PBXFileReference; explicitFileType = wrapper.cfbundle; includeInIndex = 0; path = IoTMonitorTests.xctest; sourceTree = BUILT_PRODUCTS_DIR; };
		98D7859D2750FE6E0042E47B /* IoTMonitorTests.swift */ = {isa = PBXFileReference; lastKnownFileType = sourcecode.swift; path = IoTMonitorTests.swift; sourceTree = "<group>"; };
		98D785A32750FE6E0042E47B /* IoTMonitorUITests.xctest */ = {isa = PBXFileReference; explicitFileType = wrapper.cfbundle; includeInIndex = 0; path = IoTMonitorUITests.xctest; sourceTree = BUILT_PRODUCTS_DIR; };
		98D785A72750FE6E0042E47B /* IoTMonitorUITests.swift */ = {isa = PBXFileReference; lastKnownFileType = sourcecode.swift; path = IoTMonitorUITests.swift; sourceTree = "<group>"; };
		98D785A92750FE6E0042E47B /* IoTMonitorUITestsLaunchTests.swift */ = {isa = PBXFileReference; lastKnownFileType = sourcecode.swift; path = IoTMonitorUITestsLaunchTests.swift; sourceTree = "<group>"; };
/* End PBXFileReference section */

/* Begin PBXFrameworksBuildPhase section */
		98D785862750FE6E0042E47B /* Frameworks */ = {
			isa = PBXFrameworksBuildPhase;
			buildActionMask = 2147483647;
			files = (
			);
			runOnlyForDeploymentPostprocessing = 0;
		};
		98D785962750FE6E0042E47B /* Frameworks */ = {
			isa = PBXFrameworksBuildPhase;
			buildActionMask = 2147483647;
			files = (
			);
			runOnlyForDeploymentPostprocessing = 0;
		};
		98D785A02750FE6E0042E47B /* Frameworks */ = {
			isa = PBXFrameworksBuildPhase;
			buildActionMask = 2147483647;
			files = (
			);
			runOnlyForDeploymentPostprocessing = 0;
		};
/* End PBXFrameworksBuildPhase section */

/* Begin PBXGroup section */
		98D785802750FE6E0042E47B = {
			isa = PBXGroup;
			children = (
				98D7858B2750FE6E0042E47B /* IoTMonitor */,
				98D7859C2750FE6E0042E47B /* IoTMonitorTests */,
				98D785A62750FE6E0042E47B /* IoTMonitorUITests */,
				98D7858A2750FE6E0042E47B /* Products */,
			);
			sourceTree = "<group>";
		};
		98D7858A2750FE6E0042E47B /* Products */ = {
			isa = PBXGroup;
			children = (
				98D785892750FE6E0042E47B /* IoTMonitor.app */,
				98D785992750FE6E0042E47B /* IoTMonitorTests.xctest */,
				98D785A32750FE6E0042E47B /* IoTMonitorUITests.xctest */,
			);
			name = Products;
			sourceTree = "<group>";
		};
		98D7858B2750FE6E0042E47B /* IoTMonitor */ = {
			isa = PBXGroup;
			children = (
				98D7858C2750FE6E0042E47B /* IoTMonitorApp.swift */,
				98D7858E2750FE6E0042E47B /* ContentView.swift */,
				98D785902750FE6E0042E47B /* Assets.xcassets */,
				98D785922750FE6E0042E47B /* Preview Content */,
			);
			path = IoTMonitor;
			sourceTree = "<group>";
		};
		98D785922750FE6E0042E47B /* Preview Content */ = {
			isa = PBXGroup;
			children = (
				98D785932750FE6E0042E47B /* Preview Assets.xcassets */,
			);
			path = "Preview Content";
			sourceTree = "<group>";
		};
		98D7859C2750FE6E0042E47B /* IoTMonitorTests */ = {
			isa = PBXGroup;
			children = (
				98D7859D2750FE6E0042E47B /* IoTMonitorTests.swift */,
			);
			path = IoTMonitorTests;
			sourceTree = "<group>";
		};
		98D785A62750FE6E0042E47B /* IoTMonitorUITests */ = {
			isa = PBXGroup;
			children = (
				98D785A72750FE6E0042E47B /* IoTMonitorUITests.swift */,
				98D785A92750FE6E0042E47B /* IoTMonitorUITestsLaunchTests.swift */,
			);
			path = IoTMonitorUITests;
			sourceTree = "<group>";
		};
/* End PBXGroup section */

/* Begin PBXNativeTarget section */
		98D785882750FE6E0042E47B /* IoTMonitor */ = {
			isa = PBXNativeTarget;
			buildConfigurationList = 98D785AD2750FE6E0042E47B /* Build configuration list for PBXNativeTarget "IoTMonitor" */;
			buildPhases = (
				98D785852750FE6E0042E47B /* Sources */,
				98D785862750FE6E0042E47B /* Frameworks */,
				98D785872750FE6E0042E47B /* Resources */,
			);
			buildRules = (
			);
			dependencies = (
			);
			name = IoTMonitor;
			productName = IoTMonitor;
			productReference = 98D785892750FE6E0042E47B /* IoTMonitor.app */;
			productType = "com.apple.product-type.application";
		};
		98D785982750FE6E0042E47B /* IoTMonitorTests */ = {
			isa = PBXNativeTarget;
			buildConfigurationList = 98D785B02750FE6E0042E47B /* Build configuration list for PBXNativeTarget "IoTMonitorTests" */;
			buildPhases = (
				98D785952750FE6E0042E47B /* Sources */,
				98D785962750FE6E0042E47B /* Frameworks */,
				98D785972750FE6E0042E47B /* Resources */,
			);
			buildRules = (
			);
			dependencies = (
				98D7859B2750FE6E0042E47B /* PBXTargetDependency */,
			);
			name = IoTMonitorTests;
			productName = IoTMonitorTests;
			productReference = 98D785992750FE6E0042E47B /* IoTMonitorTests.xctest */;
			productType = "com.apple.product-type.bundle.unit-test";
		};
		98D785A22750FE6E0042E47B /* IoTMonitorUITests */ = {
			isa = PBXNativeTarget;
			buildConfigurationList = 98D785B32750FE6E0042E47B /* Build configuration list for PBXNativeTarget "IoTMonitorUITests" */;
			buildPhases = (
				98D7859F2750FE6E0042E47B /* Sources */,
				98D785A02750FE6E0042E47B /* Frameworks */,
				98D785A12750FE6E0042E47B /* Resources */,
			);
			buildRules = (
			);
			dependencies = (
				98D785A52750FE6E0042E47B /* PBXTargetDependency */,
			);
			name = IoTMonitorUITests;
			productName = IoTMonitorUITests;
			productReference = 98D785A32750FE6E0042E47B /* IoTMonitorUITests.xctest */;
			productType = "com.apple.product-type.bundle.ui-testing";
		};
/* End PBXNativeTarget section */

/* Begin PBXProject section */
		98D785812750FE6E0042E47B /* Project object */ = {
			isa = PBXProject;
			attributes = {
				BuildIndependentTargetsInParallel = 1;
				LastSwiftUpdateCheck = 1310;
				LastUpgradeCheck = 1310;
				TargetAttributes = {
					98D785882750FE6E0042E47B = {
						CreatedOnToolsVersion = 13.1;
					};
					98D785982750FE6E0042E47B = {
						CreatedOnToolsVersion = 13.1;
						TestTargetID = 98D785882750FE6E0042E47B;
					};
					98D785A22750FE6E0042E47B = {
						CreatedOnToolsVersion = 13.1;
						TestTargetID = 98D785882750FE6E0042E47B;
					};
				};
			};
			buildConfigurationList = 98D785842750FE6E0042E47B /* Build configuration list for PBXProject "IoTMonitor" */;
			compatibilityVersion = "Xcode 13.0";
			developmentRegion = en;
			hasScannedForEncodings = 0;
			knownRegions = (
				en,
				Base,
			);
			mainGroup = 98D785802750FE6E0042E47B;
			productRefGroup = 98D7858A2750FE6E0042E47B /* Products */;
			projectDirPath = "";
			projectRoot = "";
			targets = (
				98D785882750FE6E0042E47B /* IoTMonitor */,
				98D785982750FE6E0042E47B /* IoTMonitorTests */,
				98D785A22750FE6E0042E47B /* IoTMonitorUITests */,
			);
		};
/* End PBXProject section */

/* Begin PBXResourcesBuildPhase section */
		98D785872750FE6E0042E47B /* Resources */ = {
			isa = PBXResourcesBuildPhase;
			buildActionMask = 2147483647;
			files = (
				98D785942750FE6E0042E47B /* Preview Assets.xcassets in Resources */,
				98D785912750FE6E0042E47B /* Assets.xcassets in Resources */,
			);
			runOnlyForDeploymentPostprocessing = 0;
		};
		98D785972750FE6E0042E47B /* Resources */ = {
			isa = PBXResourcesBuildPhase;
			buildActionMask = 2147483647;
			files = (
			);
			runOnlyForDeploymentPostprocessing = 0;
		};
		98D785A12750FE6E0042E47B /* Resources */ = {
			isa = PBXResourcesBuildPhase;
			buildActionMask = 2147483647;
			files = (
			);
			runOnlyForDeploymentPostprocessing = 0;
		};
/* End PBXResourcesBuildPhase section */

/* Begin PBXSourcesBuildPhase section */
		98D785852750FE6E0042E47B /* Sources */ = {
			isa = PBXSourcesBuildPhase;
			buildActionMask = 2147483647;
			files = (
				98D7858F2750FE6E0042E47B /* ContentView.swift in Sources */,
				98D7858D2750FE6E0042E47B /* IoTMonitorApp.swift in Sources */,
			);
			runOnlyForDeploymentPostprocessing = 0;
		};
		98D785952750FE6E0042E47B /* Sources */ = {
			isa = PBXSourcesBuildPhase;
			buildActionMask = 2147483647;
			files = (
				98D7859E2750FE6E0042E47B /* IoTMonitorTests.swift in Sources */,
			);
			runOnlyForDeploymentPostprocessing = 0;
		};
		98D7859F2750FE6E0042E47B /* Sources */ = {
			isa = PBXSourcesBuildPhase;
			buildActionMask = 2147483647;
			files = (
				98D785AA2750FE6E0042E47B /* IoTMonitorUITestsLaunchTests.swift in Sources */,
				98D785A82750FE6E0042E47B /* IoTMonitorUITests.swift in Sources */,
			);
			runOnlyForDeploymentPostprocessing = 0;
		};
/* End PBXSourcesBuildPhase section */

/* Begin PBXTargetDependency section */
		98D7859B2750FE6E0042E47B /* PBXTargetDependency */ = {
			isa = PBXTargetDependency;
			target = 98D785882750FE6E0042E47B /* IoTMonitor */;
			targetProxy = 98D7859A2750FE6E0042E47B /* PBXContainerItemProxy */;
		};
		98D785A52750FE6E0042E47B /* PBXTargetDependency */ = {
			isa = PBXTargetDependency;
			target = 98D785882750FE6E0042E47B /* IoTMonitor */;
			targetProxy = 98D785A42750FE6E0042E47B /* PBXContainerItemProxy */;
		};
/* End PBXTargetDependency section */

/* Begin XCBuildConfiguration section */
		98D785AB2750FE6E0042E47B /* Debug */ = {
			isa = XCBuildConfiguration;
			buildSettings = {
				ALWAYS_SEARCH_USER_PATHS = NO;
				CLANG_ANALYZER_NONNULL = YES;
				CLANG_ANALYZER_NUMBER_OBJECT_CONVERSION = YES_AGGRESSIVE;
				CLANG_CXX_LANGUAGE_STANDARD = "gnu++17";
				CLANG_CXX_LIBRARY = "libc++";
				CLANG_ENABLE_MODULES = YES;
				CLANG_ENABLE_OBJC_ARC = YES;
				CLANG_ENABLE_OBJC_WEAK = YES;
				CLANG_WARN_BLOCK_CAPTURE_AUTORELEASING = YES;
				CLANG_WARN_BOOL_CONVERSION = YES;
				CLANG_WARN_COMMA = YES;
				CLANG_WARN_CONSTANT_CONVERSION = YES;
				CLANG_WARN_DEPRECATED_OBJC_IMPLEMENTATIONS = YES;
				CLANG_WARN_DIRECT_OBJC_ISA_USAGE = YES_ERROR;
				CLANG_WARN_DOCUMENTATION_COMMENTS = YES;
				CLANG_WARN_EMPTY_BODY = YES;
				CLANG_WARN_ENUM_CONVERSION = YES;
				CLANG_WARN_INFINITE_RECURSION = YES;
				CLANG_WARN_INT_CONVERSION = YES;
				CLANG_WARN_NON_LITERAL_NULL_CONVERSION = YES;
				CLANG_WARN_OBJC_IMPLICIT_RETAIN_SELF = YES;
				CLANG_WARN_OBJC_LITERAL_CONVERSION = YES;
				CLANG_WARN_OBJC_ROOT_CLASS = YES_ERROR;
				CLANG_WARN_QUOTED_INCLUDE_IN_FRAMEWORK_HEADER = YES;
				CLANG_WARN_RANGE_LOOP_ANALYSIS = YES;
				CLANG_WARN_STRICT_PROTOTYPES = YES;
				CLANG_WARN_SUSPICIOUS_MOVE = YES;
				CLANG_WARN_UNGUARDED_AVAILABILITY = YES_AGGRESSIVE;
				CLANG_WARN_UNREACHABLE_CODE = YES;
				CLANG_WARN__DUPLICATE_METHOD_MATCH = YES;
				COPY_PHASE_STRIP = NO;
				DEBUG_INFORMATION_FORMAT = dwarf;
				ENABLE_STRICT_OBJC_MSGSEND = YES;
				ENABLE_TESTABILITY = YES;
				GCC_C_LANGUAGE_STANDARD = gnu11;
				GCC_DYNAMIC_NO_PIC = NO;
				GCC_NO_COMMON_BLOCKS = YES;
				GCC_OPTIMIZATION_LEVEL = 0;
				GCC_PREPROCESSOR_DEFINITIONS = (
					"DEBUG=1",
					"$(inherited)",
				);
				GCC_WARN_64_TO_32_BIT_CONVERSION = YES;
				GCC_WARN_ABOUT_RETURN_TYPE = YES_ERROR;
				GCC_WARN_UNDECLARED_SELECTOR = YES;
				GCC_WARN_UNINITIALIZED_AUTOS = YES_AGGRESSIVE;
				GCC_WARN_UNUSED_FUNCTION = YES;
				GCC_WARN_UNUSED_VARIABLE = YES;
				IPHONEOS_DEPLOYMENT_TARGET = 15.0;
				MTL_ENABLE_DEBUG_INFO = INCLUDE_SOURCE;
				MTL_FAST_MATH = YES;
				ONLY_ACTIVE_ARCH = YES;
				SDKROOT = iphoneos;
				SWIFT_ACTIVE_COMPILATION_CONDITIONS = DEBUG;
				SWIFT_OPTIMIZATION_LEVEL = "-Onone";
			};
			name = Debug;
		};
		98D785AC2750FE6E0042E47B /* Release */ = {
			isa = XCBuildConfiguration;
			buildSettings = {
				ALWAYS_SEARCH_USER_PATHS = NO;
				CLANG_ANALYZER_NONNULL = YES;
				CLANG_ANALYZER_NUMBER_OBJECT_CONVERSION = YES_AGGRESSIVE;
				CLANG_CXX_LANGUAGE_STANDARD = "gnu++17";
				CLANG_CXX_LIBRARY = "libc++";
				CLANG_ENABLE_MODULES = YES;
				CLANG_ENABLE_OBJC_ARC = YES;
				CLANG_ENABLE_OBJC_WEAK = YES;
				CLANG_WARN_BLOCK_CAPTURE_AUTORELEASING = YES;
				CLANG_WARN_BOOL_CONVERSION = YES;
				CLANG_WARN_COMMA = YES;
				CLANG_WARN_CONSTANT_CONVERSION = YES;
				CLANG_WARN_DEPRECATED_OBJC_IMPLEMENTATIONS = YES;
				CLANG_WARN_DIRECT_OBJC_ISA_USAGE = YES_ERROR;
				CLANG_WARN_DOCUMENTATION_COMMENTS = YES;
				CLANG_WARN_EMPTY_BODY = YES;
				CLANG_WARN_ENUM_CONVERSION = YES;
				CLANG_WARN_INFINITE_RECURSION = YES;
				CLANG_WARN_INT_CONVERSION = YES;
				CLANG_WARN_NON_LITERAL_NULL_CONVERSION = YES;
				CLANG_WARN_OBJC_IMPLICIT_RETAIN_SELF = YES;
				CLANG_WARN_OBJC_LITERAL_CONVERSION = YES;
				CLANG_WARN_OBJC_ROOT_CLASS = YES_ERROR;
				CLANG_WARN_QUOTED_INCLUDE_IN_FRAMEWORK_HEADER = YES;
				CLANG_WARN_RANGE_LOOP_ANALYSIS = YES;
				CLANG_WARN_STRICT_PROTOTYPES = YES;
				CLANG_WARN_SUSPICIOUS_MOVE = YES;
				CLANG_WARN_UNGUARDED_AVAILABILITY = YES_AGGRESSIVE;
				CLANG_WARN_UNREACHABLE_CODE = YES;
				CLANG_WARN__DUPLICATE_METHOD_MATCH = YES;
				COPY_PHASE_STRIP = NO;
				DEBUG_INFORMATION_FORMAT = "dwarf-with-dsym";
				ENABLE_NS_ASSERTIONS = NO;
				ENABLE_STRICT_OBJC_MSGSEND = YES;
				GCC_C_LANGUAGE_STANDARD = gnu11;
				GCC_NO_COMMON_BLOCKS = YES;
				GCC_WARN_64_TO_32_BIT_CONVERSION = YES;
				GCC_WARN_ABOUT_RETURN_TYPE = YES_ERROR;
				GCC_WARN_UNDECLARED_SELECTOR = YES;
				GCC_WARN_UNINITIALIZED_AUTOS = YES_AGGRESSIVE;
				GCC_WARN_UNUSED_FUNCTION = YES;
				GCC_WARN_UNUSED_VARIABLE = YES;
				IPHONEOS_DEPLOYMENT_TARGET = 15.0;
				MTL_ENABLE_DEBUG_INFO = NO;
				MTL_FAST_MATH = YES;
				SDKROOT = iphoneos;
				SWIFT_COMPILATION_MODE = wholemodule;
				SWIFT_OPTIMIZATION_LEVEL = "-O";
				VALIDATE_PRODUCT = YES;
			};
			name = Release;
		};
		98D785AE2750FE6E0042E47B /* Debug */ = {
			isa = XCBuildConfiguration;
			buildSettings = {
				ASSETCATALOG_COMPILER_APPICON_NAME = AppIcon;
				ASSETCATALOG_COMPILER_GLOBAL_ACCENT_COLOR_NAME = AccentColor;
				CODE_SIGN_STYLE = Automatic;
				CURRENT_PROJECT_VERSION = 1;
				DEVELOPMENT_ASSET_PATHS = "\"IoTMonitor/Preview Content\"";
				ENABLE_PREVIEWS = YES;
				GENERATE_INFOPLIST_FILE = YES;
				INFOPLIST_KEY_UIApplicationSceneManifest_Generation = YES;
				INFOPLIST_KEY_UIApplicationSupportsIndirectInputEvents = YES;
				INFOPLIST_KEY_UILaunchScreen_Generation = YES;
				INFOPLIST_KEY_UISupportedInterfaceOrientations_iPad = "UIInterfaceOrientationPortrait UIInterfaceOrientationPortraitUpsideDown UIInterfaceOrientationLandscapeLeft UIInterfaceOrientationLandscapeRight";
				INFOPLIST_KEY_UISupportedInterfaceOrientations_iPhone = "UIInterfaceOrientationPortrait UIInterfaceOrientationLandscapeLeft UIInterfaceOrientationLandscapeRight";
				LD_RUNPATH_SEARCH_PATHS = (
					"$(inherited)",
					"@executable_path/Frameworks",
				);
				MARKETING_VERSION = 1.0;
				PRODUCT_BUNDLE_IDENTIFIER = com.atksoto.IoTMonitor;
				PRODUCT_NAME = "$(TARGET_NAME)";
				SWIFT_EMIT_LOC_STRINGS = YES;
				SWIFT_VERSION = 5.0;
				TARGETED_DEVICE_FAMILY = "1,2";
			};
			name = Debug;
		};
		98D785AF2750FE6E0042E47B /* Release */ = {
			isa = XCBuildConfiguration;
			buildSettings = {
				ASSETCATALOG_COMPILER_APPICON_NAME = AppIcon;
				ASSETCATALOG_COMPILER_GLOBAL_ACCENT_COLOR_NAME = AccentColor;
				CODE_SIGN_STYLE = Automatic;
				CURRENT_PROJECT_VERSION = 1;
				DEVELOPMENT_ASSET_PATHS = "\"IoTMonitor/Preview Content\"";
				ENABLE_PREVIEWS = YES;
				GENERATE_INFOPLIST_FILE = YES;
				INFOPLIST_KEY_UIApplicationSceneManifest_Generation = YES;
				INFOPLIST_KEY_UIApplicationSupportsIndirectInputEvents = YES;
				INFOPLIST_KEY_UILaunchScreen_Generation = YES;
				INFOPLIST_KEY_UISupportedInterfaceOrientations_iPad = "UIInterfaceOrientationPortrait UIInterfaceOrientationPortraitUpsideDown UIInterfaceOrientationLandscapeLeft UIInterfaceOrientationLandscapeRight";
				INFOPLIST_KEY_UISupportedInterfaceOrientations_iPhone = "UIInterfaceOrientationPortrait UIInterfaceOrientationLandscapeLeft UIInterfaceOrientationLandscapeRight";
				LD_RUNPATH_SEARCH_PATHS = (
					"$(inherited)",
					"@executable_path/Frameworks",
				);
				MARKETING_VERSION = 1.0;
				PRODUCT_BUNDLE_IDENTIFIER = com.atksoto.IoTMonitor;
				PRODUCT_NAME = "$(TARGET_NAME)";
				SWIFT_EMIT_LOC_STRINGS = YES;
				SWIFT_VERSION = 5.0;
				TARGETED_DEVICE_FAMILY = "1,2";
			};
			name = Release;
		};
		98D785B12750FE6E0042E47B /* Debug */ = {
			isa = XCBuildConfiguration;
			buildSettings = {
				ALWAYS_EMBED_SWIFT_STANDARD_LIBRARIES = YES;
				BUNDLE_LOADER = "$(TEST_HOST)";
				CODE_SIGN_STYLE = Automatic;
				CURRENT_PROJECT_VERSION = 1;
				GENERATE_INFOPLIST_FILE = YES;
				IPHONEOS_DEPLOYMENT_TARGET = 15.0;
				LD_RUNPATH_SEARCH_PATHS = (
					"$(inherited)",
					"@executable_path/Frameworks",
					"@loader_path/Frameworks",
				);
				MARKETING_VERSION = 1.0;
				PRODUCT_BUNDLE_IDENTIFIER = com.atksoto.IoTMonitorTests;
				PRODUCT_NAME = "$(TARGET_NAME)";
				SWIFT_EMIT_LOC_STRINGS = NO;
				SWIFT_VERSION = 5.0;
				TARGETED_DEVICE_FAMILY = "1,2";
				TEST_HOST = "$(BUILT_PRODUCTS_DIR)/IoTMonitor.app/IoTMonitor";
			};
			name = Debug;
		};
		98D785B22750FE6E0042E47B /* Release */ = {
			isa = XCBuildConfiguration;
			buildSettings = {
				ALWAYS_EMBED_SWIFT_STANDARD_LIBRARIES = YES;
				BUNDLE_LOADER = "$(TEST_HOST)";
				CODE_SIGN_STYLE = Automatic;
				CURRENT_PROJECT_VERSION = 1;
				GENERATE_INFOPLIST_FILE = YES;
				IPHONEOS_DEPLOYMENT_TARGET = 15.0;
				LD_RUNPATH_SEARCH_PATHS = (
					"$(inherited)",
					"@executable_path/Frameworks",
					"@loader_path/Frameworks",
				);
				MARKETING_VERSION = 1.0;
				PRODUCT_BUNDLE_IDENTIFIER = com.atksoto.IoTMonitorTests;
				PRODUCT_NAME = "$(TARGET_NAME)";
				SWIFT_EMIT_LOC_STRINGS = NO;
				SWIFT_VERSION = 5.0;
				TARGETED_DEVICE_FAMILY = "1,2";
				TEST_HOST = "$(BUILT_PRODUCTS_DIR)/IoTMonitor.app/IoTMonitor";
			};
			name = Release;
		};
		98D785B42750FE6E0042E47B /* Debug */ = {
			isa = XCBuildConfiguration;
			buildSettings = {
				ALWAYS_EMBED_SWIFT_STANDARD_LIBRARIES = YES;
				CODE_SIGN_STYLE = Automatic;
				CURRENT_PROJECT_VERSION = 1;
				GENERATE_INFOPLIST_FILE = YES;
				LD_RUNPATH_SEARCH_PATHS = (
					"$(inherited)",
					"@executable_path/Frameworks",
					"@loader_path/Frameworks",
				);
				MARKETING_VERSION = 1.0;
				PRODUCT_BUNDLE_IDENTIFIER = com.atksoto.IoTMonitorUITests;
				PRODUCT_NAME = "$(TARGET_NAME)";
				SWIFT_EMIT_LOC_STRINGS = NO;
				SWIFT_VERSION = 5.0;
				TARGETED_DEVICE_FAMILY = "1,2";
				TEST_TARGET_NAME = IoTMonitor;
			};
			name = Debug;
		};
		98D785B52750FE6E0042E47B /* Release */ = {
			isa = XCBuildConfiguration;
			buildSettings = {
				ALWAYS_EMBED_SWIFT_STANDARD_LIBRARIES = YES;
				CODE_SIGN_STYLE = Automatic;
				CURRENT_PROJECT_VERSION = 1;
				GENERATE_INFOPLIST_FILE = YES;
				LD_RUNPATH_SEARCH_PATHS = (
					"$(inherited)",
					"@executable_path/Frameworks",
					"@loader_path/Frameworks",
				);
				MARKETING_VERSION = 1.0;
				PRODUCT_BUNDLE_IDENTIFIER = com.atksoto.IoTMonitorUITests;
				PRODUCT_NAME = "$(TARGET_NAME)";
				SWIFT_EMIT_LOC_STRINGS = NO;
				SWIFT_VERSION = 5.0;
				TARGETED_DEVICE_FAMILY = "1,2";
				TEST_TARGET_NAME = IoTMonitor;
			};
			name = Release;
		};
/* End XCBuildConfiguration section */

/* Begin XCConfigurationList section */
		98D785842750FE6E0042E47B /* Build configuration list for PBXProject "IoTMonitor" */ = {
			isa = XCConfigurationList;
			buildConfigurations = (
				98D785AB2750FE6E0042E47B /* Debug */,
				98D785AC2750FE6E0042E47B /* Release */,
			);
			defaultConfigurationIsVisible = 0;
			defaultConfigurationName = Release;
		};
		98D785AD2750FE6E0042E47B /* Build configuration list for PBXNativeTarget "IoTMonitor" */ = {
			isa = XCConfigurationList;
			buildConfigurations = (
				98D785AE2750FE6E0042E47B /* Debug */,
				98D785AF2750FE6E0042E47B /* Release */,
			);
			defaultConfigurationIsVisible = 0;
			defaultConfigurationName = Release;
		};
		98D785B02750FE6E0042E47B /* Build configuration list for PBXNativeTarget "IoTMonitorTests" */ = {
			isa = XCConfigurationList;
			buildConfigurations = (
				98D785B12750FE6E0042E47B /* Debug */,
				98D785B22750FE6E0042E47B /* Release */,
			);
			defaultConfigurationIsVisible = 0;
			defaultConfigurationName = Release;
		};
		98D785B32750FE6E0042E47B /* Build configuration list for PBXNativeTarget "IoTMonitorUITests" */ = {
			isa = XCConfigurationList;
			buildConfigurations = (
				98D785B42750FE6E0042E47B /* Debug */,
				98D785B52750FE6E0042E47B /* Release */,
			);
			defaultConfigurationIsVisible = 0;
			defaultConfigurationName = Release;
		};
/* End XCConfigurationList section */
	};
	rootObject = 98D785812750FE6E0042E47B /* Project object */;
}
